// !$*UTF8*$!
{
	archiveVersion = 1;
	classes = {
	};
	objectVersion = 46;
	objects = {

/* Begin PBXBuildFile section */
		782EA08C1B79CB7300F5438E /* AppDelegate.swift in Sources */ = {isa = PBXBuildFile; fileRef = 782EA08B1B79CB7300F5438E /* AppDelegate.swift */; };
		782EA08E1B79CB7300F5438E /* ViewController.swift in Sources */ = {isa = PBXBuildFile; fileRef = 782EA08D1B79CB7300F5438E /* ViewController.swift */; };
		782EA0911B79CB7300F5438E /* Main.storyboard in Resources */ = {isa = PBXBuildFile; fileRef = 782EA08F1B79CB7300F5438E /* Main.storyboard */; };
		782EA0931B79CB7300F5438E /* Assets.xcassets in Resources */ = {isa = PBXBuildFile; fileRef = 782EA0921B79CB7300F5438E /* Assets.xcassets */; };
		782EA0961B79CB7300F5438E /* LaunchScreen.storyboard in Resources */ = {isa = PBXBuildFile; fileRef = 782EA0941B79CB7300F5438E /* LaunchScreen.storyboard */; };
		78AF78361B7A4111007D3933 /* PicturePreview.swift in Sources */ = {isa = PBXBuildFile; fileRef = 78AF78351B7A4111007D3933 /* PicturePreview.swift */; };
/* End PBXBuildFile section */

/* Begin PBXFileReference section */
		782EA0881B79CB7300F5438E /* ImageViewer.app */ = {isa = PBXFileReference; explicitFileType = wrapper.application; includeInIndex = 0; path = ImageViewer.app; sourceTree = BUILT_PRODUCTS_DIR; };
		782EA08B1B79CB7300F5438E /* AppDelegate.swift */ = {isa = PBXFileReference; lastKnownFileType = sourcecode.swift; path = AppDelegate.swift; sourceTree = "<group>"; };
		782EA08D1B79CB7300F5438E /* ViewController.swift */ = {isa = PBXFileReference; lastKnownFileType = sourcecode.swift; path = ViewController.swift; sourceTree = "<group>"; };
		782EA0901B79CB7300F5438E /* Base */ = {isa = PBXFileReference; lastKnownFileType = file.storyboard; name = Base; path = Base.lproj/Main.storyboard; sourceTree = "<group>"; };
		782EA0921B79CB7300F5438E /* Assets.xcassets */ = {isa = PBXFileReference; lastKnownFileType = folder.assetcatalog; path = Assets.xcassets; sourceTree = "<group>"; };
		782EA0951B79CB7300F5438E /* Base */ = {isa = PBXFileReference; lastKnownFileType = file.storyboard; name = Base; path = Base.lproj/LaunchScreen.storyboard; sourceTree = "<group>"; };
		782EA0971B79CB7300F5438E /* Info.plist */ = {isa = PBXFileReference; lastKnownFileType = text.plist.xml; path = Info.plist; sourceTree = "<group>"; };
		78AF78351B7A4111007D3933 /* PicturePreview.swift */ = {isa = PBXFileReference; fileEncoding = 4; lastKnownFileType = sourcecode.swift; path = PicturePreview.swift; sourceTree = "<group>"; };
/* End PBXFileReference section */

/* Begin PBXFrameworksBuildPhase section */
		782EA0851B79CB7300F5438E /* Frameworks */ = {
			isa = PBXFrameworksBuildPhase;
			buildActionMask = 2147483647;
			files = (
			);
			runOnlyForDeploymentPostprocessing = 0;
		};
/* End PBXFrameworksBuildPhase section */

/* Begin PBXGroup section */
		782EA07F1B79CB7300F5438E = {
			isa = PBXGroup;
			children = (
				782EA08A1B79CB7300F5438E /* ImageViewer */,
				782EA0891B79CB7300F5438E /* Products */,
			);
			sourceTree = "<group>";
		};
		782EA0891B79CB7300F5438E /* Products */ = {
			isa = PBXGroup;
			children = (
				782EA0881B79CB7300F5438E /* ImageViewer.app */,
			);
			name = Products;
			sourceTree = "<group>";
		};
		782EA08A1B79CB7300F5438E /* ImageViewer */ = {
			isa = PBXGroup;
			children = (
				782EA08B1B79CB7300F5438E /* AppDelegate.swift */,
				782EA0921B79CB7300F5438E /* Assets.xcassets */,
				782EA0971B79CB7300F5438E /* Info.plist */,
				782EA0941B79CB7300F5438E /* LaunchScreen.storyboard */,
				782EA08F1B79CB7300F5438E /* Main.storyboard */,
				78AF78351B7A4111007D3933 /* PicturePreview.swift */,
				782EA08D1B79CB7300F5438E /* ViewController.swift */,
			);
			path = ImageViewer;
			sourceTree = "<group>";
		};
/* End PBXGroup section */

/* Begin PBXNativeTarget section */
		782EA0871B79CB7300F5438E /* ImageViewer */ = {
			isa = PBXNativeTarget;
			buildConfigurationList = 782EA09A1B79CB7300F5438E /* Build configuration list for PBXNativeTarget "ImageViewer" */;
			buildPhases = (
				782EA0841B79CB7300F5438E /* Sources */,
				782EA0851B79CB7300F5438E /* Frameworks */,
				782EA0861B79CB7300F5438E /* Resources */,
			);
			buildRules = (
			);
			dependencies = (
			);
			name = ImageViewer;
			productName = ImageViewer;
			productReference = 782EA0881B79CB7300F5438E /* ImageViewer.app */;
			productType = "com.apple.product-type.application";
		};
/* End PBXNativeTarget section */

/* Begin PBXProject section */
		782EA0801B79CB7300F5438E /* Project object */ = {
			isa = PBXProject;
			attributes = {
				LastUpgradeCheck = 0700;
				ORGANIZATIONNAME = msy;
				TargetAttributes = {
					782EA0871B79CB7300F5438E = {
						CreatedOnToolsVersion = 7.0;
					};
				};
			};
			buildConfigurationList = 782EA0831B79CB7300F5438E /* Build configuration list for PBXProject "ImageViewer" */;
			compatibilityVersion = "Xcode 3.2";
			developmentRegion = English;
			hasScannedForEncodings = 0;
			knownRegions = (
				en,
				Base,
			);
			mainGroup = 782EA07F1B79CB7300F5438E;
			productRefGroup = 782EA0891B79CB7300F5438E /* Products */;
			projectDirPath = "";
			projectRoot = "";
			targets = (
				782EA0871B79CB7300F5438E /* ImageViewer */,
			);
		};
/* End PBXProject section */

/* Begin PBXResourcesBuildPhase section */
		782EA0861B79CB7300F5438E /* Resources */ = {
			isa = PBXResourcesBuildPhase;
			buildActionMask = 2147483647;
			files = (
				782EA0961B79CB7300F5438E /* LaunchScreen.storyboard in Resources */,
				782EA0931B79CB7300F5438E /* Assets.xcassets in Resources */,
				782EA0911B79CB7300F5438E /* Main.storyboard in Resources */,
			);
			runOnlyForDeploymentPostprocessing = 0;
		};
/* End PBXResourcesBuildPhase section */

/* Begin PBXSourcesBuildPhase section */
		782EA0841B79CB7300F5438E /* Sources */ = {
			isa = PBXSourcesBuildPhase;
			buildActionMask = 2147483647;
			files = (
				782EA08E1B79CB7300F5438E /* ViewController.swift in Sources */,
				78AF78361B7A4111007D3933 /* PicturePreview.swift in Sources */,
				782EA08C1B79CB7300F5438E /* AppDelegate.swift in Sources */,
			);
			runOnlyForDeploymentPostprocessing = 0;
		};
/* End PBXSourcesBuildPhase section */

/* Begin PBXVariantGroup section */
		782EA08F1B79CB7300F5438E /* Main.storyboard */ = {
			isa = PBXVariantGroup;
			children = (
				782EA0901B79CB7300F5438E /* Base */,
			);
			name = Main.storyboard;
			sourceTree = "<group>";
		};
		782EA0941B79CB7300F5438E /* LaunchScreen.storyboard */ = {
			isa = PBXVariantGroup;
			children = (
				782EA0951B79CB7300F5438E /* Base */,
			);
			name = LaunchScreen.storyboard;
			sourceTree = "<group>";
		};
/* End PBXVariantGroup section */

/* Begin XCBuildConfiguration section */
		782EA0981B79CB7300F5438E /* Debug */ = {
			isa = XCBuildConfiguration;
			buildSettings = {
				ALWAYS_SEARCH_USER_PATHS = NO;
				CLANG_CXX_LANGUAGE_STANDARD = "gnu++0x";
				CLANG_CXX_LIBRARY = "libc++";
				CLANG_ENABLE_MODULES = YES;
				CLANG_ENABLE_OBJC_ARC = YES;
				CLANG_WARN_BOOL_CONVERSION = YES;
				CLANG_WARN_CONSTANT_CONVERSION = YES;
				CLANG_WARN_DIRECT_OBJC_ISA_USAGE = YES_ERROR;
				CLANG_WARN_EMPTY_BODY = YES;
				CLANG_WARN_ENUM_CONVERSION = YES;
				CLANG_WARN_INT_CONVERSION = YES;
				CLANG_WARN_OBJC_ROOT_CLASS = YES_ERROR;
				CLANG_WARN_UNREACHABLE_CODE = YES;
				CLANG_WARN__DUPLICATE_METHOD_MATCH = YES;
				"CODE_SIGN_IDENTITY[sdk=iphoneos*]" = "iPhone Developer";
				COPY_PHASE_STRIP = NO;
				DEBUG_INFORMATION_FORMAT = dwarf;
				ENABLE_STRICT_OBJC_MSGSEND = YES;
				ENABLE_TESTABILITY = YES;
				GCC_C_LANGUAGE_STANDARD = gnu99;
				GCC_DYNAMIC_NO_PIC = NO;
				GCC_NO_COMMON_BLOCKS = YES;
				GCC_OPTIMIZATION_LEVEL = 0;
				GCC_PREPROCESSOR_DEFINITIONS = (
					"DEBUG=1",
					"$(inherited)",
				);
				GCC_WARN_64_TO_32_BIT_CONVERSION = YES;
				GCC_WARN_ABOUT_RETURN_TYPE = YES_ERROR;
				GCC_WARN_UNDECLARED_SELECTOR = YES;
				GCC_WARN_UNINITIALIZED_AUTOS = YES_AGGRESSIVE;
				GCC_WARN_UNUSED_FUNCTION = YES;
				GCC_WARN_UNUSED_VARIABLE = YES;
				IPHONEOS_DEPLOYMENT_TARGET = 9.0;
				MTL_ENABLE_DEBUG_INFO = YES;
				ONLY_ACTIVE_ARCH = YES;
				SDKROOT = iphoneos;
				SWIFT_OPTIMIZATION_LEVEL = "-Onone";
			};
			name = Debug;
		};
		782EA0991B79CB7300F5438E /* Release */ = {
			isa = XCBuildConfiguration;
			buildSettings = {
				ALWAYS_SEARCH_USER_PATHS = NO;
				CLANG_CXX_LANGUAGE_STANDARD = "gnu++0x";
				CLANG_CXX_LIBRARY = "libc++";
				CLANG_ENABLE_MODULES = YES;
				CLANG_ENABLE_OBJC_ARC = YES;
				CLANG_WARN_BOOL_CONVERSION = YES;
				CLANG_WARN_CONSTANT_CONVERSION = YES;
				CLANG_WARN_DIRECT_OBJC_ISA_USAGE = YES_ERROR;
				CLANG_WARN_EMPTY_BODY = YES;
				CLANG_WARN_ENUM_CONVERSION = YES;
				CLANG_WARN_INT_CONVERSION = YES;
				CLANG_WARN_OBJC_ROOT_CLASS = YES_ERROR;
				CLANG_WARN_UNREACHABLE_CODE = YES;
				CLANG_WARN__DUPLICATE_METHOD_MATCH = YES;
				"CODE_SIGN_IDENTITY[sdk=iphoneos*]" = "iPhone Developer";
				COPY_PHASE_STRIP = NO;
				DEBUG_INFORMATION_FORMAT = "dwarf-with-dsym";
				ENABLE_NS_ASSERTIONS = NO;
				ENABLE_STRICT_OBJC_MSGSEND = YES;
				GCC_C_LANGUAGE_STANDARD = gnu99;
				GCC_NO_COMMON_BLOCKS = YES;
				GCC_WARN_64_TO_32_BIT_CONVERSION = YES;
				GCC_WARN_ABOUT_RETURN_TYPE = YES_ERROR;
				GCC_WARN_UNDECLARED_SELECTOR = YES;
				GCC_WARN_UNINITIALIZED_AUTOS = YES_AGGRESSIVE;
				GCC_WARN_UNUSED_FUNCTION = YES;
				GCC_WARN_UNUSED_VARIABLE = YES;
				IPHONEOS_DEPLOYMENT_TARGET = 9.0;
				MTL_ENABLE_DEBUG_INFO = NO;
				SDKROOT = iphoneos;
				VALIDATE_PRODUCT = YES;
			};
			name = Release;
		};
		782EA09B1B79CB7300F5438E /* Debug */ = {
			isa = XCBuildConfiguration;
			buildSettings = {
				ASSETCATALOG_COMPILER_APPICON_NAME = AppIcon;
				INFOPLIST_FILE = ImageViewer/Info.plist;
				IPHONEOS_DEPLOYMENT_TARGET = 8.0;
				LD_RUNPATH_SEARCH_PATHS = "$(inherited) @executable_path/Frameworks";
				PRODUCT_BUNDLE_IDENTIFIER = com.msy.ImageViewer;
				PRODUCT_NAME = "$(TARGET_NAME)";
			};
			name = Debug;
		};
		782EA09C1B79CB7300F5438E /* Release */ = {
			isa = XCBuildConfiguration;
			buildSettings = {
				ASSETCATALOG_COMPILER_APPICON_NAME = AppIcon;
				INFOPLIST_FILE = ImageViewer/Info.plist;
				IPHONEOS_DEPLOYMENT_TARGET = 8.0;
				LD_RUNPATH_SEARCH_PATHS = "$(inherited) @executable_path/Frameworks";
				PRODUCT_BUNDLE_IDENTIFIER = com.msy.ImageViewer;
				PRODUCT_NAME = "$(TARGET_NAME)";
			};
			name = Release;
		};
/* End XCBuildConfiguration section */

/* Begin XCConfigurationList section */
		782EA0831B79CB7300F5438E /* Build configuration list for PBXProject "ImageViewer" */ = {
			isa = XCConfigurationList;
			buildConfigurations = (
				782EA0981B79CB7300F5438E /* Debug */,
				782EA0991B79CB7300F5438E /* Release */,
			);
			defaultConfigurationIsVisible = 0;
			defaultConfigurationName = Release;
		};
		782EA09A1B79CB7300F5438E /* Build configuration list for PBXNativeTarget "ImageViewer" */ = {
			isa = XCConfigurationList;
			buildConfigurations = (
				782EA09B1B79CB7300F5438E /* Debug */,
				782EA09C1B79CB7300F5438E /* Release */,
			);
			defaultConfigurationIsVisible = 0;
			defaultConfigurationName = Release;
		};
/* End XCConfigurationList section */
	};
	rootObject = 782EA0801B79CB7300F5438E /* Project object */;
}
